
Microsoft Visual Studio Solution File, Format Version 12.00
# Visual Studio 15
VisualStudioVersion = 15.0.28010.2003
MinimumVisualStudioVersion = 10.0.40219.1
Project("{FAE04EC0-301F-11D3-BF4B-00C04F79EFBC}") = "CodavatarMvc", "CodavatarMvc\CodavatarMvc.csproj", "{9F51B65E-522A-43C8-B88E-8CE0E7E1F329}"
EndProject
Project("{FAE04EC0-301F-11D3-BF4B-00C04F79EFBC}") = "CodavatarMvc.Tests", "CodavatarMvc.Tests\CodavatarMvc.Tests.csproj", "{9F3836D7-7DDF-4010-80AF-B61856704FA2}"
EndProject
Global
	GlobalSection(SolutionConfigurationPlatforms) = preSolution
		Debug|Any CPU = Debug|Any CPU
		Release|Any CPU = Release|Any CPU
	EndGlobalSection
	GlobalSection(ProjectConfigurationPlatforms) = postSolution
		{9F51B65E-522A-43C8-B88E-8CE0E7E1F329}.Debug|Any CPU.ActiveCfg = Debug|Any CPU
		{9F51B65E-522A-43C8-B88E-8CE0E7E1F329}.Debug|Any CPU.Build.0 = Debug|Any CPU
		{9F51B65E-522A-43C8-B88E-8CE0E7E1F329}.Release|Any CPU.ActiveCfg = Release|Any CPU
		{9F51B65E-522A-43C8-B88E-8CE0E7E1F329}.Release|Any CPU.Build.0 = Release|Any CPU
		{9F3836D7-7DDF-4010-80AF-B61856704FA2}.Debug|Any CPU.ActiveCfg = Debug|Any CPU
		{9F3836D7-7DDF-4010-80AF-B61856704FA2}.Debug|Any CPU.Build.0 = Debug|Any CPU
		{9F3836D7-7DDF-4010-80AF-B61856704FA2}.Release|Any CPU.ActiveCfg = Release|Any CPU
		{9F3836D7-7DDF-4010-80AF-B61856704FA2}.Release|Any CPU.Build.0 = Release|Any CPU
	EndGlobalSection
	GlobalSection(SolutionProperties) = preSolution
		HideSolutionNode = FALSE
	EndGlobalSection
	GlobalSection(ExtensibilityGlobals) = postSolution
		SolutionGuid = {81D97EBE-7A62-49F9-9EE8-90F2FA7BC6FE}
	EndGlobalSection
EndGlobal
